
Microsoft Visual Studio Solution File, Format Version 12.00
# Visual Studio Version 17
VisualStudioVersion = 17.6.33723.286
MinimumVisualStudioVersion = 10.0.40219.1
Project("{54A90642-561A-4BB1-A94E-469ADEE60C69}") = "mainapp", "Main Page\mainapp.esproj", "{62EBB40B-85C8-4FBF-BF11-C0C0264C88D5}"
EndProject
Project("{fc0ab89a-51ea-40b3-a276-5e31e9a00cf3}") = "adminapp", "Admin Page\adminapp.esproj", "{D9EF99B2-B10F-4F2A-9372-DB9DABB6CC1D}"
EndProject
Project("{9A19103F-16F7-4668-BE54-9A1E7A4F7556}") = "webapi", "webapi\webapi.csproj", "{D2126B29-4168-451F-9E08-3803DB524778}"
EndProject
Global
	GlobalSection(SolutionConfigurationPlatforms) = preSolution
		Debug|Any CPU = Debug|Any CPU
		Release|Any CPU = Release|Any CPU
	EndGlobalSection
	GlobalSection(ProjectConfigurationPlatforms) = postSolution
		{62EBB40B-85C8-4FBF-BF11-C0C0264C88D5}.Debug|Any CPU.ActiveCfg = Debug|Any CPU
		{62EBB40B-85C8-4FBF-BF11-C0C0264C88D5}.Debug|Any CPU.Build.0 = Debug|Any CPU
		{62EBB40B-85C8-4FBF-BF11-C0C0264C88D5}.Debug|Any CPU.Deploy.0 = Debug|Any CPU
		{62EBB40B-85C8-4FBF-BF11-C0C0264C88D5}.Release|Any CPU.ActiveCfg = Release|Any CPU
		{62EBB40B-85C8-4FBF-BF11-C0C0264C88D5}.Release|Any CPU.Build.0 = Release|Any CPU
		{62EBB40B-85C8-4FBF-BF11-C0C0264C88D5}.Release|Any CPU.Deploy.0 = Release|Any CPU
		{D9EF99B2-B10F-4F2A-9372-DB9DABB6CC1D}.Debug|Any CPU.ActiveCfg = Debug|Any CPU
		{D9EF99B2-B10F-4F2A-9372-DB9DABB6CC1D}.Debug|Any CPU.Build.0 = Debug|Any CPU
		{D9EF99B2-B10F-4F2A-9372-DB9DABB6CC1D}.Debug|Any CPU.Deploy.0 = Debug|Any CPU
		{D9EF99B2-B10F-4F2A-9372-DB9DABB6CC1D}.Release|Any CPU.ActiveCfg = Release|Any CPU
		{D9EF99B2-B10F-4F2A-9372-DB9DABB6CC1D}.Release|Any CPU.Build.0 = Release|Any CPU
		{D9EF99B2-B10F-4F2A-9372-DB9DABB6CC1D}.Release|Any CPU.Deploy.0 = Release|Any CPU
		{D2126B29-4168-451F-9E08-3803DB524778}.Debug|Any CPU.ActiveCfg = Debug|Any CPU
		{D2126B29-4168-451F-9E08-3803DB524778}.Debug|Any CPU.Build.0 = Debug|Any CPU
		{D2126B29-4168-451F-9E08-3803DB524778}.Release|Any CPU.ActiveCfg = Release|Any CPU
		{D2126B29-4168-451F-9E08-3803DB524778}.Release|Any CPU.Build.0 = Release|Any CPU
	EndGlobalSection
	GlobalSection(SolutionProperties) = preSolution
		HideSolutionNode = FALSE
	EndGlobalSection
	GlobalSection(ExtensibilityGlobals) = postSolution
		SolutionGuid = {44F9656E-118D-4658-8466-402A3DBA8B75}
	EndGlobalSection
EndGlobal
